
Microsoft Visual Studio Solution File, Format Version 12.00
# Visual Studio Version 16
VisualStudioVersion = 16.0.29215.179
MinimumVisualStudioVersion = 10.0.40219.1
Project("{FAE04EC0-301F-11D3-BF4B-00C04F79EFBC}") = "PiDart", "PiDart\PiDart.csproj", "{9C154C86-07E6-45FE-8B4D-28EE1B47C002}"
EndProject
Global
	GlobalSection(SolutionConfigurationPlatforms) = preSolution
		Debug|Any CPU = Debug|Any CPU
		Release|Any CPU = Release|Any CPU
	EndGlobalSection
	GlobalSection(ProjectConfigurationPlatforms) = postSolution
		{9C154C86-07E6-45FE-8B4D-28EE1B47C002}.Debug|Any CPU.ActiveCfg = Debug|Any CPU
		{9C154C86-07E6-45FE-8B4D-28EE1B47C002}.Debug|Any CPU.Build.0 = Debug|Any CPU
		{9C154C86-07E6-45FE-8B4D-28EE1B47C002}.Release|Any CPU.ActiveCfg = Release|Any CPU
		{9C154C86-07E6-45FE-8B4D-28EE1B47C002}.Release|Any CPU.Build.0 = Release|Any CPU
	EndGlobalSection
	GlobalSection(SolutionProperties) = preSolution
		HideSolutionNode = FALSE
	EndGlobalSection
	GlobalSection(ExtensibilityGlobals) = postSolution
		SolutionGuid = {8D895B40-4424-415B-8361-CC032D029F30}
	EndGlobalSection
EndGlobal
